
Microsoft Visual Studio Solution File, Format Version 12.00
# Visual Studio Version 17
VisualStudioVersion = 17.10.35013.160
MinimumVisualStudioVersion = 10.0.40219.1
Project("{FAE04EC0-301F-11D3-BF4B-00C04F79EFBC}") = "RabbitMQWebApp.Watermark", "RabbitMQWebApp.Watermark\RabbitMQWebApp.Watermark.csproj", "{59B16E74-0091-4ABF-9069-0399CA9D6D58}"
EndProject
Global
	GlobalSection(SolutionConfigurationPlatforms) = preSolution
		Debug|Any CPU = Debug|Any CPU
		Release|Any CPU = Release|Any CPU
	EndGlobalSection
	GlobalSection(ProjectConfigurationPlatforms) = postSolution
		{59B16E74-0091-4ABF-9069-0399CA9D6D58}.Debug|Any CPU.ActiveCfg = Debug|Any CPU
		{59B16E74-0091-4ABF-9069-0399CA9D6D58}.Debug|Any CPU.Build.0 = Debug|Any CPU
		{59B16E74-0091-4ABF-9069-0399CA9D6D58}.Release|Any CPU.ActiveCfg = Release|Any CPU
		{59B16E74-0091-4ABF-9069-0399CA9D6D58}.Release|Any CPU.Build.0 = Release|Any CPU
	EndGlobalSection
	GlobalSection(SolutionProperties) = preSolution
		HideSolutionNode = FALSE
	EndGlobalSection
	GlobalSection(ExtensibilityGlobals) = postSolution
		SolutionGuid = {05588C32-9AFB-4ABA-925F-0B69858392E1}
	EndGlobalSection
EndGlobal
